{
  "name": "blep",
  "version": "0.0.1",
  "lockfileVersion": 2,
  "requires": true,
  "packages": {
    "": {
      "version": "0.0.1",
      "license": "MIT",
      "dependencies": {
        "@powercord/simple-git-wasm": "^0.1.0"
      }
    },
    "node_modules/@powercord/simple-git-wasm": {
      "version": "0.1.0",
      "resolved": "https://registry.npmjs.org/@powercord/simple-git-wasm/-/simple-git-wasm-0.1.0.tgz",
      "integrity": "sha512-CNuxloo9YFmTic2n94u2FlyfDvrtx1wnTnckxqgitMJhWlERC4fa9rqBX6uJhbEOWOMd64U9pGaGLl5AofB6hw==",
      "engines": {
        "node": ">= 14"
      }
    }
  },
  "dependencies": {
    "@powercord/simple-git-wasm": {
      "version": "0.1.0",
      "resolved": "https://registry.npmjs.org/@powercord/simple-git-wasm/-/simple-git-wasm-0.1.0.tgz",
      "integrity": "sha512-CNuxloo9YFmTic2n94u2FlyfDvrtx1wnTnckxqgitMJhWlERC4fa9rqBX6uJhbEOWOMd64U9pGaGLl5AofB6hw=="
    }
  }
}
